// !$*UTF8*$!
{
	archiveVersion = 1;
	classes = {
	};
	objectVersion = 54;
	objects = {

/* Begin PBXBuildFile section */
		02A79526885D4B07BE1AEC72 /* BomstadDisplay-Regular.ttf in Resources */ = {isa = PBXBuildFile; fileRef = 5EB77DD3585D4AE4A391AB51 /* BomstadDisplay-Regular.ttf */; };
		06B247D957D547CD95CA7048 /* BomstadDisplay-SemiBold.ttf in Resources */ = {isa = PBXBuildFile; fileRef = 35332B0C76514EA5A203F7B1 /* BomstadDisplay-SemiBold.ttf */; };
		0C80B921A6F3F58F76C31292 /* libPods-xen_Trade.a in Frameworks */ = {isa = PBXBuildFile; fileRef = 5DCACB8F33CDC322A6C60F78 /* libPods-xen_Trade.a */; };
		13B07FBF1A68108700A75B9A /* Images.xcassets in Resources */ = {isa = PBXBuildFile; fileRef = 13B07FB51A68108700A75B9A /* Images.xcassets */; };
		15967D074B84489A8D67073E /* BomstadDisplay-Black.ttf in Resources */ = {isa = PBXBuildFile; fileRef = FD046860B00E4FAB85461D1D /* BomstadDisplay-Black.ttf */; };
		30523900589B4F92B40AA52E /* HelveticaNowDisplay-Regular.ttf in Resources */ = {isa = PBXBuildFile; fileRef = 769EEAC738B346D497154A82 /* HelveticaNowDisplay-Regular.ttf */; };
		3D9CBA17E7BD49C59E14076A /* HelveticaNowDisplay-Black.ttf in Resources */ = {isa = PBXBuildFile; fileRef = 0CC5F6F8B0444F118D56BDE2 /* HelveticaNowDisplay-Black.ttf */; };
		492A246177384A75BF7D9B9C /* BomstadDisplay-Bold.ttf in Resources */ = {isa = PBXBuildFile; fileRef = 310445EECE3245AE83BF1C01 /* BomstadDisplay-Bold.ttf */; };
		761780ED2CA45674006654EE /* AppDelegate.swift in Sources */ = {isa = PBXBuildFile; fileRef = 761780EC2CA45674006654EE /* AppDelegate.swift */; };
		7DC45F14846A4EFCA080B6D8 /* BomstadDisplay-ExtraLight.ttf in Resources */ = {isa = PBXBuildFile; fileRef = 447002CEE922461789D540DF /* BomstadDisplay-ExtraLight.ttf */; };
		7FD12C1C08EB4B149B0C402A /* HelveticaNowDisplay-ExtraBold.ttf in Resources */ = {isa = PBXBuildFile; fileRef = 55D62ABFA48D408F89461710 /* HelveticaNowDisplay-ExtraBold.ttf */; };
		81AB9BB82411601600AC10FF /* LaunchScreen.storyboard in Resources */ = {isa = PBXBuildFile; fileRef = 81AB9BB72411601600AC10FF /* LaunchScreen.storyboard */; };
		86552EA8C6D73CE1FEEF5B3C /* PrivacyInfo.xcprivacy in Resources */ = {isa = PBXBuildFile; fileRef = 13B07FB81A68108700A75B9A /* PrivacyInfo.xcprivacy */; };
		87C50AB4D14D494D8621DBED /* HelveticaNowDisplay-Light.ttf in Resources */ = {isa = PBXBuildFile; fileRef = 00F0EA04B4FC40E6AB72A137 /* HelveticaNowDisplay-Light.ttf */; };
		8BBC495D6D8B4543A73CE552 /* HelveticaNowDisplay-Medium.ttf in Resources */ = {isa = PBXBuildFile; fileRef = B864C3C2EEEB4301AB0808D4 /* HelveticaNowDisplay-Medium.ttf */; };
		8FF280F62ABC4A9383B46B6B /* HelveticaNowDisplay-Bold.ttf in Resources */ = {isa = PBXBuildFile; fileRef = 1F3F31017DCC4F24A917D4BA /* HelveticaNowDisplay-Bold.ttf */; };
		C961A087551145E8AD369441 /* BomstadDisplay-ExtraBold.ttf in Resources */ = {isa = PBXBuildFile; fileRef = 59DC495720514E84A6042051 /* BomstadDisplay-ExtraBold.ttf */; };
		D32D1FE08F804D9FB9A19867 /* BomstadDisplay-Light.ttf in Resources */ = {isa = PBXBuildFile; fileRef = A659CD273C824661B7E5B092 /* BomstadDisplay-Light.ttf */; };
		D38B340DFEC74315A9B927EA /* BomstadDisplay-Thin.ttf in Resources */ = {isa = PBXBuildFile; fileRef = C2DC834166D24D9A8B18712F /* BomstadDisplay-Thin.ttf */; };
		D488BBF4B6BB4230B968067B /* HelveticaNowDisplay-Thin.ttf in Resources */ = {isa = PBXBuildFile; fileRef = 3225FD97DC1E44169321EC80 /* HelveticaNowDisplay-Thin.ttf */; };
		D6CF7DABD9CE4C20B95A376A /* BomstadDisplay-Medium.ttf in Resources */ = {isa = PBXBuildFile; fileRef = 8E776C4A53E84D06B7693F8A /* BomstadDisplay-Medium.ttf */; };
		E4874F0BD67947BC8C4E2C78 /* splashLogoImage.png in Resources */ = {isa = PBXBuildFile; fileRef = 5521CDEE5392409DB1C08666 /* splashLogoImage.png */; };
		F497E40E1EDC42F9B2EF0350 /* index.js in Resources */ = {isa = PBXBuildFile; fileRef = FD6D55743E1B4194AD021D2C /* index.js */; };
/* End PBXBuildFile section */

/* Begin PBXFileReference section */
		00F0EA04B4FC40E6AB72A137 /* HelveticaNowDisplay-Light.ttf */ = {isa = PBXFileReference; explicitFileType = undefined; fileEncoding = 9; includeInIndex = 0; lastKnownFileType = unknown; name = "HelveticaNowDisplay-Light.ttf"; path = "../src/constants/fonts/HelveticaNowDisplay-Light.ttf"; sourceTree = "<group>"; };
		0CC5F6F8B0444F118D56BDE2 /* HelveticaNowDisplay-Black.ttf */ = {isa = PBXFileReference; explicitFileType = undefined; fileEncoding = 9; includeInIndex = 0; lastKnownFileType = unknown; name = "HelveticaNowDisplay-Black.ttf"; path = "../src/constants/fonts/HelveticaNowDisplay-Black.ttf"; sourceTree = "<group>"; };
		13B07F961A680F5B00A75B9A /* xen_Trade.app */ = {isa = PBXFileReference; explicitFileType = wrapper.application; includeInIndex = 0; path = xen_Trade.app; sourceTree = BUILT_PRODUCTS_DIR; };
		13B07FB51A68108700A75B9A /* Images.xcassets */ = {isa = PBXFileReference; lastKnownFileType = folder.assetcatalog; name = Images.xcassets; path = xen_Trade/Images.xcassets; sourceTree = "<group>"; };
		13B07FB61A68108700A75B9A /* Info.plist */ = {isa = PBXFileReference; fileEncoding = 4; lastKnownFileType = text.plist.xml; name = Info.plist; path = xen_Trade/Info.plist; sourceTree = "<group>"; };
		13B07FB81A68108700A75B9A /* PrivacyInfo.xcprivacy */ = {isa = PBXFileReference; fileEncoding = 4; lastKnownFileType = text.plist.xml; name = PrivacyInfo.xcprivacy; path = xen_Trade/PrivacyInfo.xcprivacy; sourceTree = "<group>"; };
		1F3F31017DCC4F24A917D4BA /* HelveticaNowDisplay-Bold.ttf */ = {isa = PBXFileReference; explicitFileType = undefined; fileEncoding = 9; includeInIndex = 0; lastKnownFileType = unknown; name = "HelveticaNowDisplay-Bold.ttf"; path = "../src/constants/fonts/HelveticaNowDisplay-Bold.ttf"; sourceTree = "<group>"; };
		310445EECE3245AE83BF1C01 /* BomstadDisplay-Bold.ttf */ = {isa = PBXFileReference; explicitFileType = undefined; fileEncoding = 9; includeInIndex = 0; lastKnownFileType = unknown; name = "BomstadDisplay-Bold.ttf"; path = "../src/constants/fonts/BomstadDisplay-Bold.ttf"; sourceTree = "<group>"; };
		3225FD97DC1E44169321EC80 /* HelveticaNowDisplay-Thin.ttf */ = {isa = PBXFileReference; explicitFileType = undefined; fileEncoding = 9; includeInIndex = 0; lastKnownFileType = unknown; name = "HelveticaNowDisplay-Thin.ttf"; path = "../src/constants/fonts/HelveticaNowDisplay-Thin.ttf"; sourceTree = "<group>"; };
		35332B0C76514EA5A203F7B1 /* BomstadDisplay-SemiBold.ttf */ = {isa = PBXFileReference; explicitFileType = undefined; fileEncoding = 9; includeInIndex = 0; lastKnownFileType = unknown; name = "BomstadDisplay-SemiBold.ttf"; path = "../src/constants/fonts/BomstadDisplay-SemiBold.ttf"; sourceTree = "<group>"; };
		3B4392A12AC88292D35C810B /* Pods-xen_Trade.debug.xcconfig */ = {isa = PBXFileReference; includeInIndex = 1; lastKnownFileType = text.xcconfig; name = "Pods-xen_Trade.debug.xcconfig"; path = "Target Support Files/Pods-xen_Trade/Pods-xen_Trade.debug.xcconfig"; sourceTree = "<group>"; };
		447002CEE922461789D540DF /* BomstadDisplay-ExtraLight.ttf */ = {isa = PBXFileReference; explicitFileType = undefined; fileEncoding = 9; includeInIndex = 0; lastKnownFileType = unknown; name = "BomstadDisplay-ExtraLight.ttf"; path = "../src/constants/fonts/BomstadDisplay-ExtraLight.ttf"; sourceTree = "<group>"; };
		5521CDEE5392409DB1C08666 /* splashLogoImage.png */ = {isa = PBXFileReference; explicitFileType = undefined; fileEncoding = 9; includeInIndex = 0; lastKnownFileType = unknown; name = splashLogoImage.png; path = ../src/constants/fonts/splashLogoImage.png; sourceTree = "<group>"; };
		55D62ABFA48D408F89461710 /* HelveticaNowDisplay-ExtraBold.ttf */ = {isa = PBXFileReference; explicitFileType = undefined; fileEncoding = 9; includeInIndex = 0; lastKnownFileType = unknown; name = "HelveticaNowDisplay-ExtraBold.ttf"; path = "../src/constants/fonts/HelveticaNowDisplay-ExtraBold.ttf"; sourceTree = "<group>"; };
		5709B34CF0A7D63546082F79 /* Pods-xen_Trade.release.xcconfig */ = {isa = PBXFileReference; includeInIndex = 1; lastKnownFileType = text.xcconfig; name = "Pods-xen_Trade.release.xcconfig"; path = "Target Support Files/Pods-xen_Trade/Pods-xen_Trade.release.xcconfig"; sourceTree = "<group>"; };
		59DC495720514E84A6042051 /* BomstadDisplay-ExtraBold.ttf */ = {isa = PBXFileReference; explicitFileType = undefined; fileEncoding = 9; includeInIndex = 0; lastKnownFileType = unknown; name = "BomstadDisplay-ExtraBold.ttf"; path = "../src/constants/fonts/BomstadDisplay-ExtraBold.ttf"; sourceTree = "<group>"; };
		5DCACB8F33CDC322A6C60F78 /* libPods-xen_Trade.a */ = {isa = PBXFileReference; explicitFileType = archive.ar; includeInIndex = 0; path = "libPods-xen_Trade.a"; sourceTree = BUILT_PRODUCTS_DIR; };
		5EB77DD3585D4AE4A391AB51 /* BomstadDisplay-Regular.ttf */ = {isa = PBXFileReference; explicitFileType = undefined; fileEncoding = 9; includeInIndex = 0; lastKnownFileType = unknown; name = "BomstadDisplay-Regular.ttf"; path = "../src/constants/fonts/BomstadDisplay-Regular.ttf"; sourceTree = "<group>"; };
		761780EC2CA45674006654EE /* AppDelegate.swift */ = {isa = PBXFileReference; lastKnownFileType = sourcecode.swift; name = AppDelegate.swift; path = xen_Trade/AppDelegate.swift; sourceTree = "<group>"; };
		769EEAC738B346D497154A82 /* HelveticaNowDisplay-Regular.ttf */ = {isa = PBXFileReference; explicitFileType = undefined; fileEncoding = 9; includeInIndex = 0; lastKnownFileType = unknown; name = "HelveticaNowDisplay-Regular.ttf"; path = "../src/constants/fonts/HelveticaNowDisplay-Regular.ttf"; sourceTree = "<group>"; };
		81AB9BB72411601600AC10FF /* LaunchScreen.storyboard */ = {isa = PBXFileReference; fileEncoding = 4; lastKnownFileType = file.storyboard; name = LaunchScreen.storyboard; path = xen_Trade/LaunchScreen.storyboard; sourceTree = "<group>"; };
		8E776C4A53E84D06B7693F8A /* BomstadDisplay-Medium.ttf */ = {isa = PBXFileReference; explicitFileType = undefined; fileEncoding = 9; includeInIndex = 0; lastKnownFileType = unknown; name = "BomstadDisplay-Medium.ttf"; path = "../src/constants/fonts/BomstadDisplay-Medium.ttf"; sourceTree = "<group>"; };
		A659CD273C824661B7E5B092 /* BomstadDisplay-Light.ttf */ = {isa = PBXFileReference; explicitFileType = undefined; fileEncoding = 9; includeInIndex = 0; lastKnownFileType = unknown; name = "BomstadDisplay-Light.ttf"; path = "../src/constants/fonts/BomstadDisplay-Light.ttf"; sourceTree = "<group>"; };
		B864C3C2EEEB4301AB0808D4 /* HelveticaNowDisplay-Medium.ttf */ = {isa = PBXFileReference; explicitFileType = undefined; fileEncoding = 9; includeInIndex = 0; lastKnownFileType = unknown; name = "HelveticaNowDisplay-Medium.ttf"; path = "../src/constants/fonts/HelveticaNowDisplay-Medium.ttf"; sourceTree = "<group>"; };
		C2DC834166D24D9A8B18712F /* BomstadDisplay-Thin.ttf */ = {isa = PBXFileReference; explicitFileType = undefined; fileEncoding = 9; includeInIndex = 0; lastKnownFileType = unknown; name = "BomstadDisplay-Thin.ttf"; path = "../src/constants/fonts/BomstadDisplay-Thin.ttf"; sourceTree = "<group>"; };
		ED297162215061F000B7C4FE /* JavaScriptCore.framework */ = {isa = PBXFileReference; lastKnownFileType = wrapper.framework; name = JavaScriptCore.framework; path = System/Library/Frameworks/JavaScriptCore.framework; sourceTree = SDKROOT; };
		FD046860B00E4FAB85461D1D /* BomstadDisplay-Black.ttf */ = {isa = PBXFileReference; explicitFileType = undefined; fileEncoding = 9; includeInIndex = 0; lastKnownFileType = unknown; name = "BomstadDisplay-Black.ttf"; path = "../src/constants/fonts/BomstadDisplay-Black.ttf"; sourceTree = "<group>"; };
		FD6D55743E1B4194AD021D2C /* index.js */ = {isa = PBXFileReference; explicitFileType = undefined; fileEncoding = 9; includeInIndex = 0; lastKnownFileType = unknown; name = index.js; path = ../src/constants/fonts/index.js; sourceTree = "<group>"; };
/* End PBXFileReference section */

/* Begin PBXFrameworksBuildPhase section */
		13B07F8C1A680F5B00A75B9A /* Frameworks */ = {
			isa = PBXFrameworksBuildPhase;
			buildActionMask = 2147483647;
			files = (
				0C80B921A6F3F58F76C31292 /* libPods-xen_Trade.a in Frameworks */,
			);
			runOnlyForDeploymentPostprocessing = 0;
		};
/* End PBXFrameworksBuildPhase section */

/* Begin PBXGroup section */
		13B07FAE1A68108700A75B9A /* xen_Trade */ = {
			isa = PBXGroup;
			children = (
				13B07FB51A68108700A75B9A /* Images.xcassets */,
				761780EC2CA45674006654EE /* AppDelegate.swift */,
				13B07FB61A68108700A75B9A /* Info.plist */,
				81AB9BB72411601600AC10FF /* LaunchScreen.storyboard */,
				13B07FB81A68108700A75B9A /* PrivacyInfo.xcprivacy */,
			);
			name = xen_Trade;
			sourceTree = "<group>";
		};
		1D526C5A854F46748EC96107 /* Resources */ = {
			isa = PBXGroup;
			children = (
				5521CDEE5392409DB1C08666 /* splashLogoImage.png */,
				FD046860B00E4FAB85461D1D /* BomstadDisplay-Black.ttf */,
				310445EECE3245AE83BF1C01 /* BomstadDisplay-Bold.ttf */,
				59DC495720514E84A6042051 /* BomstadDisplay-ExtraBold.ttf */,
				447002CEE922461789D540DF /* BomstadDisplay-ExtraLight.ttf */,
				A659CD273C824661B7E5B092 /* BomstadDisplay-Light.ttf */,
				8E776C4A53E84D06B7693F8A /* BomstadDisplay-Medium.ttf */,
				5EB77DD3585D4AE4A391AB51 /* BomstadDisplay-Regular.ttf */,
				35332B0C76514EA5A203F7B1 /* BomstadDisplay-SemiBold.ttf */,
				C2DC834166D24D9A8B18712F /* BomstadDisplay-Thin.ttf */,
				0CC5F6F8B0444F118D56BDE2 /* HelveticaNowDisplay-Black.ttf */,
				1F3F31017DCC4F24A917D4BA /* HelveticaNowDisplay-Bold.ttf */,
				55D62ABFA48D408F89461710 /* HelveticaNowDisplay-ExtraBold.ttf */,
				00F0EA04B4FC40E6AB72A137 /* HelveticaNowDisplay-Light.ttf */,
				B864C3C2EEEB4301AB0808D4 /* HelveticaNowDisplay-Medium.ttf */,
				769EEAC738B346D497154A82 /* HelveticaNowDisplay-Regular.ttf */,
				3225FD97DC1E44169321EC80 /* HelveticaNowDisplay-Thin.ttf */,
				FD6D55743E1B4194AD021D2C /* index.js */,
			);
			name = Resources;
			sourceTree = "<group>";
		};
		2D16E6871FA4F8E400B85C8A /* Frameworks */ = {
			isa = PBXGroup;
			children = (
				ED297162215061F000B7C4FE /* JavaScriptCore.framework */,
				5DCACB8F33CDC322A6C60F78 /* libPods-xen_Trade.a */,
			);
			name = Frameworks;
			sourceTree = "<group>";
		};
		832341AE1AAA6A7D00B99B32 /* Libraries */ = {
			isa = PBXGroup;
			children = (
			);
			name = Libraries;
			sourceTree = "<group>";
		};
		83CBB9F61A601CBA00E9B192 = {
			isa = PBXGroup;
			children = (
				13B07FAE1A68108700A75B9A /* xen_Trade */,
				832341AE1AAA6A7D00B99B32 /* Libraries */,
				83CBBA001A601CBA00E9B192 /* Products */,
				2D16E6871FA4F8E400B85C8A /* Frameworks */,
				BBD78D7AC51CEA395F1C20DB /* Pods */,
				1D526C5A854F46748EC96107 /* Resources */,
			);
			indentWidth = 2;
			sourceTree = "<group>";
			tabWidth = 2;
			usesTabs = 0;
		};
		83CBBA001A601CBA00E9B192 /* Products */ = {
			isa = PBXGroup;
			children = (
				13B07F961A680F5B00A75B9A /* xen_Trade.app */,
			);
			name = Products;
			sourceTree = "<group>";
		};
		BBD78D7AC51CEA395F1C20DB /* Pods */ = {
			isa = PBXGroup;
			children = (
				3B4392A12AC88292D35C810B /* Pods-xen_Trade.debug.xcconfig */,
				5709B34CF0A7D63546082F79 /* Pods-xen_Trade.release.xcconfig */,
			);
			path = Pods;
			sourceTree = "<group>";
		};
/* End PBXGroup section */

/* Begin PBXNativeTarget section */
		13B07F861A680F5B00A75B9A /* xen_Trade */ = {
			isa = PBXNativeTarget;
			buildConfigurationList = 13B07F931A680F5B00A75B9A /* Build configuration list for PBXNativeTarget "xen_Trade" */;
			buildPhases = (
				C38B50BA6285516D6DCD4F65 /* [CP] Check Pods Manifest.lock */,
				13B07F871A680F5B00A75B9A /* Sources */,
				13B07F8C1A680F5B00A75B9A /* Frameworks */,
				13B07F8E1A680F5B00A75B9A /* Resources */,
				00DD1BFF1BD5951E006B06BC /* Bundle React Native code and images */,
				00EEFC60759A1932668264C0 /* [CP] Embed Pods Frameworks */,
				E235C05ADACE081382539298 /* [CP] Copy Pods Resources */,
			);
			buildRules = (
			);
			dependencies = (
			);
			name = xen_Trade;
			productName = xen_Trade;
			productReference = 13B07F961A680F5B00A75B9A /* xen_Trade.app */;
			productType = "com.apple.product-type.application";
		};
/* End PBXNativeTarget section */

/* Begin PBXProject section */
		83CBB9F71A601CBA00E9B192 /* Project object */ = {
			isa = PBXProject;
			attributes = {
				LastUpgradeCheck = 1210;
				TargetAttributes = {
					13B07F861A680F5B00A75B9A = {
						LastSwiftMigration = 1120;
					};
				};
			};
			buildConfigurationList = 83CBB9FA1A601CBA00E9B192 /* Build configuration list for PBXProject "xen_Trade" */;
			compatibilityVersion = "Xcode 12.0";
			developmentRegion = en;
			hasScannedForEncodings = 0;
			knownRegions = (
				en,
				Base,
			);
			mainGroup = 83CBB9F61A601CBA00E9B192;
			productRefGroup = 83CBBA001A601CBA00E9B192 /* Products */;
			projectDirPath = "";
			projectRoot = "";
			targets = (
				13B07F861A680F5B00A75B9A /* xen_Trade */,
			);
		};
/* End PBXProject section */

/* Begin PBXResourcesBuildPhase section */
		13B07F8E1A680F5B00A75B9A /* Resources */ = {
			isa = PBXResourcesBuildPhase;
			buildActionMask = 2147483647;
			files = (
				81AB9BB82411601600AC10FF /* LaunchScreen.storyboard in Resources */,
				13B07FBF1A68108700A75B9A /* Images.xcassets in Resources */,
				86552EA8C6D73CE1FEEF5B3C /* PrivacyInfo.xcprivacy in Resources */,
				E4874F0BD67947BC8C4E2C78 /* splashLogoImage.png in Resources */,
				15967D074B84489A8D67073E /* BomstadDisplay-Black.ttf in Resources */,
				492A246177384A75BF7D9B9C /* BomstadDisplay-Bold.ttf in Resources */,
				C961A087551145E8AD369441 /* BomstadDisplay-ExtraBold.ttf in Resources */,
				7DC45F14846A4EFCA080B6D8 /* BomstadDisplay-ExtraLight.ttf in Resources */,
				D32D1FE08F804D9FB9A19867 /* BomstadDisplay-Light.ttf in Resources */,
				D6CF7DABD9CE4C20B95A376A /* BomstadDisplay-Medium.ttf in Resources */,
				02A79526885D4B07BE1AEC72 /* BomstadDisplay-Regular.ttf in Resources */,
				06B247D957D547CD95CA7048 /* BomstadDisplay-SemiBold.ttf in Resources */,
				D38B340DFEC74315A9B927EA /* BomstadDisplay-Thin.ttf in Resources */,
				3D9CBA17E7BD49C59E14076A /* HelveticaNowDisplay-Black.ttf in Resources */,
				8FF280F62ABC4A9383B46B6B /* HelveticaNowDisplay-Bold.ttf in Resources */,
				7FD12C1C08EB4B149B0C402A /* HelveticaNowDisplay-ExtraBold.ttf in Resources */,
				87C50AB4D14D494D8621DBED /* HelveticaNowDisplay-Light.ttf in Resources */,
				8BBC495D6D8B4543A73CE552 /* HelveticaNowDisplay-Medium.ttf in Resources */,
				30523900589B4F92B40AA52E /* HelveticaNowDisplay-Regular.ttf in Resources */,
				D488BBF4B6BB4230B968067B /* HelveticaNowDisplay-Thin.ttf in Resources */,
				F497E40E1EDC42F9B2EF0350 /* index.js in Resources */,
			);
			runOnlyForDeploymentPostprocessing = 0;
		};
/* End PBXResourcesBuildPhase section */

/* Begin PBXShellScriptBuildPhase section */
		00DD1BFF1BD5951E006B06BC /* Bundle React Native code and images */ = {
			isa = PBXShellScriptBuildPhase;
			buildActionMask = 2147483647;
			files = (
			);
			inputPaths = (
				"$(SRCROOT)/.xcode.env.local",
				"$(SRCROOT)/.xcode.env",
			);
			name = "Bundle React Native code and images";
			outputPaths = (
			);
			runOnlyForDeploymentPostprocessing = 0;
			shellPath = /bin/sh;
			shellScript = "set -e\n\nWITH_ENVIRONMENT=\"$REACT_NATIVE_PATH/scripts/xcode/with-environment.sh\"\nREACT_NATIVE_XCODE=\"$REACT_NATIVE_PATH/scripts/react-native-xcode.sh\"\n\n/bin/sh -c \"$WITH_ENVIRONMENT $REACT_NATIVE_XCODE\"\n";
		};
		00EEFC60759A1932668264C0 /* [CP] Embed Pods Frameworks */ = {
			isa = PBXShellScriptBuildPhase;
			buildActionMask = 2147483647;
			files = (
			);
			inputFileListPaths = (
				"${PODS_ROOT}/Target Support Files/Pods-xen_Trade/Pods-xen_Trade-frameworks-${CONFIGURATION}-input-files.xcfilelist",
			);
			inputPaths = (
			);
			name = "[CP] Embed Pods Frameworks";
			outputFileListPaths = (
				"${PODS_ROOT}/Target Support Files/Pods-xen_Trade/Pods-xen_Trade-frameworks-${CONFIGURATION}-output-files.xcfilelist",
			);
			outputPaths = (
			);
			runOnlyForDeploymentPostprocessing = 0;
			shellPath = /bin/sh;
			shellScript = "\"${PODS_ROOT}/Target Support Files/Pods-xen_Trade/Pods-xen_Trade-frameworks.sh\"\n";
			showEnvVarsInLog = 0;
		};
		C38B50BA6285516D6DCD4F65 /* [CP] Check Pods Manifest.lock */ = {
			isa = PBXShellScriptBuildPhase;
			buildActionMask = 2147483647;
			files = (
			);
			inputFileListPaths = (
			);
			inputPaths = (
				"${PODS_PODFILE_DIR_PATH}/Podfile.lock",
				"${PODS_ROOT}/Manifest.lock",
			);
			name = "[CP] Check Pods Manifest.lock";
			outputFileListPaths = (
			);
			outputPaths = (
				"$(DERIVED_FILE_DIR)/Pods-xen_Trade-checkManifestLockResult.txt",
			);
			runOnlyForDeploymentPostprocessing = 0;
			shellPath = /bin/sh;
			shellScript = "diff \"${PODS_PODFILE_DIR_PATH}/Podfile.lock\" \"${PODS_ROOT}/Manifest.lock\" > /dev/null\nif [ $? != 0 ] ; then\n    # print error to STDERR\n    echo \"error: The sandbox is not in sync with the Podfile.lock. Run 'pod install' or update your CocoaPods installation.\" >&2\n    exit 1\nfi\n# This output is used by Xcode 'outputs' to avoid re-running this script phase.\necho \"SUCCESS\" > \"${SCRIPT_OUTPUT_FILE_0}\"\n";
			showEnvVarsInLog = 0;
		};
		E235C05ADACE081382539298 /* [CP] Copy Pods Resources */ = {
			isa = PBXShellScriptBuildPhase;
			buildActionMask = 2147483647;
			files = (
			);
			inputFileListPaths = (
				"${PODS_ROOT}/Target Support Files/Pods-xen_Trade/Pods-xen_Trade-resources-${CONFIGURATION}-input-files.xcfilelist",
			);
			inputPaths = (
			);
			name = "[CP] Copy Pods Resources";
			outputFileListPaths = (
				"${PODS_ROOT}/Target Support Files/Pods-xen_Trade/Pods-xen_Trade-resources-${CONFIGURATION}-output-files.xcfilelist",
			);
			outputPaths = (
			);
			runOnlyForDeploymentPostprocessing = 0;
			shellPath = /bin/sh;
			shellScript = "\"${PODS_ROOT}/Target Support Files/Pods-xen_Trade/Pods-xen_Trade-resources.sh\"\n";
			showEnvVarsInLog = 0;
		};
/* End PBXShellScriptBuildPhase section */

/* Begin PBXSourcesBuildPhase section */
		13B07F871A680F5B00A75B9A /* Sources */ = {
			isa = PBXSourcesBuildPhase;
			buildActionMask = 2147483647;
			files = (
				761780ED2CA45674006654EE /* AppDelegate.swift in Sources */,
			);
			runOnlyForDeploymentPostprocessing = 0;
		};
/* End PBXSourcesBuildPhase section */

/* Begin XCBuildConfiguration section */
		13B07F941A680F5B00A75B9A /* Debug */ = {
			isa = XCBuildConfiguration;
			baseConfigurationReference = 3B4392A12AC88292D35C810B /* Pods-xen_Trade.debug.xcconfig */;
			buildSettings = {
				ASSETCATALOG_COMPILER_APPICON_NAME = AppIcon;
				CLANG_ENABLE_MODULES = YES;
				CODE_SIGN_IDENTITY = "Apple Development";
				CODE_SIGN_STYLE = Automatic;
				CURRENT_PROJECT_VERSION = 1;
				DEVELOPMENT_TEAM = K9D5662RS4;
				ENABLE_BITCODE = NO;
				INFOPLIST_FILE = xen_Trade/Info.plist;
				IPHONEOS_DEPLOYMENT_TARGET = 15.1;
				LD_RUNPATH_SEARCH_PATHS = (
					"$(inherited)",
					"@executable_path/Frameworks",
				);
				MARKETING_VERSION = 1.0;
				OTHER_LDFLAGS = (
					"$(inherited)",
					"-ObjC",
					"-lc++",
				);
				PRODUCT_BUNDLE_IDENTIFIER = "org.reactjs.native.example.$(PRODUCT_NAME:rfc1034identifier)";
				PRODUCT_NAME = xen_Trade;
				PROVISIONING_PROFILE_SPECIFIER = "";
				SWIFT_OPTIMIZATION_LEVEL = "-Onone";
				SWIFT_VERSION = 5.0;
				VERSIONING_SYSTEM = "apple-generic";
			};
			name = Debug;
		};
		13B07F951A680F5B00A75B9A /* Release */ = {
			isa = XCBuildConfiguration;
			baseConfigurationReference = 5709B34CF0A7D63546082F79 /* Pods-xen_Trade.release.xcconfig */;
			buildSettings = {
				ASSETCATALOG_COMPILER_APPICON_NAME = AppIcon;
				CLANG_ENABLE_MODULES = YES;
				CODE_SIGN_IDENTITY = "Apple Development";
				CODE_SIGN_STYLE = Automatic;
				CURRENT_PROJECT_VERSION = 1;
				DEVELOPMENT_TEAM = K9D5662RS4;
				INFOPLIST_FILE = xen_Trade/Info.plist;
				IPHONEOS_DEPLOYMENT_TARGET = 15.1;
				LD_RUNPATH_SEARCH_PATHS = (
					"$(inherited)",
					"@executable_path/Frameworks",
				);
				MARKETING_VERSION = 1.0;
				OTHER_LDFLAGS = (
					"$(inherited)",
					"-ObjC",
					"-lc++",
				);
				PRODUCT_BUNDLE_IDENTIFIER = "org.reactjs.native.example.$(PRODUCT_NAME:rfc1034identifier)";
				PRODUCT_NAME = xen_Trade;
				PROVISIONING_PROFILE_SPECIFIER = "";
				SWIFT_VERSION = 5.0;
				VERSIONING_SYSTEM = "apple-generic";
			};
			name = Release;
		};
		83CBBA201A601CBA00E9B192 /* Debug */ = {
			isa = XCBuildConfiguration;
			buildSettings = {
				ALWAYS_SEARCH_USER_PATHS = NO;
				CLANG_ANALYZER_LOCALIZABILITY_NONLOCALIZED = YES;
				CLANG_CXX_LANGUAGE_STANDARD = "c++20";
				CLANG_CXX_LIBRARY = "libc++";
				CLANG_ENABLE_MODULES = YES;
				CLANG_ENABLE_OBJC_ARC = YES;
				CLANG_WARN_BLOCK_CAPTURE_AUTORELEASING = YES;
				CLANG_WARN_BOOL_CONVERSION = YES;
				CLANG_WARN_COMMA = YES;
				CLANG_WARN_CONSTANT_CONVERSION = YES;
				CLANG_WARN_DEPRECATED_OBJC_IMPLEMENTATIONS = YES;
				CLANG_WARN_DIRECT_OBJC_ISA_USAGE = YES_ERROR;
				CLANG_WARN_EMPTY_BODY = YES;
				CLANG_WARN_ENUM_CONVERSION = YES;
				CLANG_WARN_INFINITE_RECURSION = YES;
				CLANG_WARN_INT_CONVERSION = YES;
				CLANG_WARN_NON_LITERAL_NULL_CONVERSION = YES;
				CLANG_WARN_OBJC_IMPLICIT_RETAIN_SELF = YES;
				CLANG_WARN_OBJC_LITERAL_CONVERSION = YES;
				CLANG_WARN_OBJC_ROOT_CLASS = YES_ERROR;
				CLANG_WARN_QUOTED_INCLUDE_IN_FRAMEWORK_HEADER = YES;
				CLANG_WARN_RANGE_LOOP_ANALYSIS = YES;
				CLANG_WARN_STRICT_PROTOTYPES = YES;
				CLANG_WARN_SUSPICIOUS_MOVE = YES;
				CLANG_WARN_UNREACHABLE_CODE = YES;
				CLANG_WARN__DUPLICATE_METHOD_MATCH = YES;
				"CODE_SIGN_IDENTITY[sdk=iphoneos*]" = "iPhone Developer";
				COPY_PHASE_STRIP = NO;
				ENABLE_STRICT_OBJC_MSGSEND = YES;
				ENABLE_TESTABILITY = YES;
				"EXCLUDED_ARCHS[sdk=iphonesimulator*]" = "";
				GCC_C_LANGUAGE_STANDARD = gnu99;
				GCC_DYNAMIC_NO_PIC = NO;
				GCC_NO_COMMON_BLOCKS = YES;
				GCC_OPTIMIZATION_LEVEL = 0;
				GCC_PREPROCESSOR_DEFINITIONS = (
					"DEBUG=1",
					"$(inherited)",
				);
				GCC_SYMBOLS_PRIVATE_EXTERN = NO;
				GCC_WARN_64_TO_32_BIT_CONVERSION = YES;
				GCC_WARN_ABOUT_RETURN_TYPE = YES_ERROR;
				GCC_WARN_UNDECLARED_SELECTOR = YES;
				GCC_WARN_UNINITIALIZED_AUTOS = YES_AGGRESSIVE;
				GCC_WARN_UNUSED_FUNCTION = YES;
				GCC_WARN_UNUSED_VARIABLE = YES;
				IPHONEOS_DEPLOYMENT_TARGET = 15.1;
				LD_RUNPATH_SEARCH_PATHS = (
					/usr/lib/swift,
					"$(inherited)",
				);
				LIBRARY_SEARCH_PATHS = (
					"\"$(SDKROOT)/usr/lib/swift\"",
					"\"$(TOOLCHAIN_DIR)/usr/lib/swift/$(PLATFORM_NAME)\"",
					"\"$(inherited)\"",
				);
				MTL_ENABLE_DEBUG_INFO = YES;
				ONLY_ACTIVE_ARCH = YES;
				OTHER_CPLUSPLUSFLAGS = (
					"$(OTHER_CFLAGS)",
					"-DFOLLY_NO_CONFIG",
					"-DFOLLY_MOBILE=1",
					"-DFOLLY_USE_LIBCPP=1",
					"-DFOLLY_CFG_NO_COROUTINES=1",
					"-DFOLLY_HAVE_CLOCK_GETTIME=1",
				);
				OTHER_LDFLAGS = "$(inherited)  ";
				REACT_NATIVE_PATH = "${PODS_ROOT}/../../node_modules/react-native";
				SDKROOT = iphoneos;
				SWIFT_ACTIVE_COMPILATION_CONDITIONS = "$(inherited) DEBUG";
				USE_HERMES = true;
			};
			name = Debug;
		};
		83CBBA211A601CBA00E9B192 /* Release */ = {
			isa = XCBuildConfiguration;
			buildSettings = {
				ALWAYS_SEARCH_USER_PATHS = NO;
				CLANG_ANALYZER_LOCALIZABILITY_NONLOCALIZED = YES;
				CLANG_CXX_LANGUAGE_STANDARD = "c++20";
				CLANG_CXX_LIBRARY = "libc++";
				CLANG_ENABLE_MODULES = YES;
				CLANG_ENABLE_OBJC_ARC = YES;
				CLANG_WARN_BLOCK_CAPTURE_AUTORELEASING = YES;
				CLANG_WARN_BOOL_CONVERSION = YES;
				CLANG_WARN_COMMA = YES;
				CLANG_WARN_CONSTANT_CONVERSION = YES;
				CLANG_WARN_DEPRECATED_OBJC_IMPLEMENTATIONS = YES;
				CLANG_WARN_DIRECT_OBJC_ISA_USAGE = YES_ERROR;
				CLANG_WARN_EMPTY_BODY = YES;
				CLANG_WARN_ENUM_CONVERSION = YES;
				CLANG_WARN_INFINITE_RECURSION = YES;
				CLANG_WARN_INT_CONVERSION = YES;
				CLANG_WARN_NON_LITERAL_NULL_CONVERSION = YES;
				CLANG_WARN_OBJC_IMPLICIT_RETAIN_SELF = YES;
				CLANG_WARN_OBJC_LITERAL_CONVERSION = YES;
				CLANG_WARN_OBJC_ROOT_CLASS = YES_ERROR;
				CLANG_WARN_QUOTED_INCLUDE_IN_FRAMEWORK_HEADER = YES;
				CLANG_WARN_RANGE_LOOP_ANALYSIS = YES;
				CLANG_WARN_STRICT_PROTOTYPES = YES;
				CLANG_WARN_SUSPICIOUS_MOVE = YES;
				CLANG_WARN_UNREACHABLE_CODE = YES;
				CLANG_WARN__DUPLICATE_METHOD_MATCH = YES;
				"CODE_SIGN_IDENTITY[sdk=iphoneos*]" = "iPhone Developer";
				COPY_PHASE_STRIP = YES;
				ENABLE_NS_ASSERTIONS = NO;
				ENABLE_STRICT_OBJC_MSGSEND = YES;
				"EXCLUDED_ARCHS[sdk=iphonesimulator*]" = "";
				GCC_C_LANGUAGE_STANDARD = gnu99;
				GCC_NO_COMMON_BLOCKS = YES;
				GCC_WARN_64_TO_32_BIT_CONVERSION = YES;
				GCC_WARN_ABOUT_RETURN_TYPE = YES_ERROR;
				GCC_WARN_UNDECLARED_SELECTOR = YES;
				GCC_WARN_UNINITIALIZED_AUTOS = YES_AGGRESSIVE;
				GCC_WARN_UNUSED_FUNCTION = YES;
				GCC_WARN_UNUSED_VARIABLE = YES;
				IPHONEOS_DEPLOYMENT_TARGET = 15.1;
				LD_RUNPATH_SEARCH_PATHS = (
					/usr/lib/swift,
					"$(inherited)",
				);
				LIBRARY_SEARCH_PATHS = (
					"\"$(SDKROOT)/usr/lib/swift\"",
					"\"$(TOOLCHAIN_DIR)/usr/lib/swift/$(PLATFORM_NAME)\"",
					"\"$(inherited)\"",
				);
				MTL_ENABLE_DEBUG_INFO = NO;
				OTHER_CPLUSPLUSFLAGS = (
					"$(OTHER_CFLAGS)",
					"-DFOLLY_NO_CONFIG",
					"-DFOLLY_MOBILE=1",
					"-DFOLLY_USE_LIBCPP=1",
					"-DFOLLY_CFG_NO_COROUTINES=1",
					"-DFOLLY_HAVE_CLOCK_GETTIME=1",
				);
				OTHER_LDFLAGS = "$(inherited)  ";
				REACT_NATIVE_PATH = "${PODS_ROOT}/../../node_modules/react-native";
				SDKROOT = iphoneos;
				USE_HERMES = true;
				VALIDATE_PRODUCT = YES;
			};
			name = Release;
		};
/* End XCBuildConfiguration section */

/* Begin XCConfigurationList section */
		13B07F931A680F5B00A75B9A /* Build configuration list for PBXNativeTarget "xen_Trade" */ = {
			isa = XCConfigurationList;
			buildConfigurations = (
				13B07F941A680F5B00A75B9A /* Debug */,
				13B07F951A680F5B00A75B9A /* Release */,
			);
			defaultConfigurationIsVisible = 0;
			defaultConfigurationName = Release;
		};
		83CBB9FA1A601CBA00E9B192 /* Build configuration list for PBXProject "xen_Trade" */ = {
			isa = XCConfigurationList;
			buildConfigurations = (
				83CBBA201A601CBA00E9B192 /* Debug */,
				83CBBA211A601CBA00E9B192 /* Release */,
			);
			defaultConfigurationIsVisible = 0;
			defaultConfigurationName = Release;
		};
/* End XCConfigurationList section */
	};
	rootObject = 83CBB9F71A601CBA00E9B192 /* Project object */;
}
